
Microsoft Visual Studio Solution File, Format Version 12.00
# Visual Studio Version 16
VisualStudioVersion = 16.0.31410.357
MinimumVisualStudioVersion = 10.0.40219.1
Project("{FAE04EC0-301F-11D3-BF4B-00C04F79EFBC}") = "FinancialPyramid", "FinancialPyramid\FinancialPyramid.csproj", "{0BE73F7B-818F-4486-B08A-7F329D02DB07}"
EndProject
Global
	GlobalSection(SolutionConfigurationPlatforms) = preSolution
		Debug|Any CPU = Debug|Any CPU
		Release|Any CPU = Release|Any CPU
	EndGlobalSection
	GlobalSection(ProjectConfigurationPlatforms) = postSolution
		{0BE73F7B-818F-4486-B08A-7F329D02DB07}.Debug|Any CPU.ActiveCfg = Debug|Any CPU
		{0BE73F7B-818F-4486-B08A-7F329D02DB07}.Debug|Any CPU.Build.0 = Debug|Any CPU
		{0BE73F7B-818F-4486-B08A-7F329D02DB07}.Release|Any CPU.ActiveCfg = Release|Any CPU
		{0BE73F7B-818F-4486-B08A-7F329D02DB07}.Release|Any CPU.Build.0 = Release|Any CPU
	EndGlobalSection
	GlobalSection(SolutionProperties) = preSolution
		HideSolutionNode = FALSE
	EndGlobalSection
	GlobalSection(ExtensibilityGlobals) = postSolution
		SolutionGuid = {FA535B6C-3795-4753-8A91-20E7F56DF724}
	EndGlobalSection
EndGlobal
